// !$*UTF8*$!
{
	archiveVersion = 1;
	classes = {
	};
	objectVersion = 50;
	objects = {

/* Begin PBXBuildFile section */
		263D7ECA9AA21F45F1D690E4 /* Pods_emerge_van_niranjan_emerge_van_niranjanUITests.framework in Frameworks */ = {isa = PBXBuildFile; fileRef = B62C2086ACE9C7A897BA9CCF /* Pods_emerge_van_niranjan_emerge_van_niranjanUITests.framework */; };
		280854C6E40AF4E7C341F043 /* Pods_emerge_van_niranjan.framework in Frameworks */ = {isa = PBXBuildFile; fileRef = 4CA43CC4539A4ACCA444CAF9 /* Pods_emerge_van_niranjan.framework */; };
		9828D2EA2464F1AE12B47CC6 /* Pods_emerge_van_niranjanTests.framework in Frameworks */ = {isa = PBXBuildFile; fileRef = 6D2ADD6F1856A31A00976611 /* Pods_emerge_van_niranjanTests.framework */; };
		E22FC7EA24A414110011F24F /* HospitalTableViewController.swift in Sources */ = {isa = PBXBuildFile; fileRef = E22FC7E924A414110011F24F /* HospitalTableViewController.swift */; };
		E2A2A9A424A1DB1600622BB8 /* AppDelegate.swift in Sources */ = {isa = PBXBuildFile; fileRef = E2A2A9A324A1DB1600622BB8 /* AppDelegate.swift */; };
		E2A2A9A624A1DB1600622BB8 /* SceneDelegate.swift in Sources */ = {isa = PBXBuildFile; fileRef = E2A2A9A524A1DB1600622BB8 /* SceneDelegate.swift */; };
		E2A2A9AB24A1DB1600622BB8 /* Main.storyboard in Resources */ = {isa = PBXBuildFile; fileRef = E2A2A9A924A1DB1600622BB8 /* Main.storyboard */; };
		E2A2A9AD24A1DB2800622BB8 /* Assets.xcassets in Resources */ = {isa = PBXBuildFile; fileRef = E2A2A9AC24A1DB2800622BB8 /* Assets.xcassets */; };
		E2A2A9B024A1DB2800622BB8 /* LaunchScreen.storyboard in Resources */ = {isa = PBXBuildFile; fileRef = E2A2A9AE24A1DB2800622BB8 /* LaunchScreen.storyboard */; };
		E2A2A9BB24A1DB2800622BB8 /* emerge_van_niranjanTests.swift in Sources */ = {isa = PBXBuildFile; fileRef = E2A2A9BA24A1DB2800622BB8 /* emerge_van_niranjanTests.swift */; };
		E2A2A9C624A1DB2800622BB8 /* emerge_van_niranjanUITests.swift in Sources */ = {isa = PBXBuildFile; fileRef = E2A2A9C524A1DB2800622BB8 /* emerge_van_niranjanUITests.swift */; };
/* End PBXBuildFile section */

/* Begin PBXContainerItemProxy section */
		E2A2A9B724A1DB2800622BB8 /* PBXContainerItemProxy */ = {
			isa = PBXContainerItemProxy;
			containerPortal = E2A2A99824A1DB1600622BB8 /* Project object */;
			proxyType = 1;
			remoteGlobalIDString = E2A2A99F24A1DB1600622BB8;
			remoteInfo = "emerge-van-niranjan";
		};
		E2A2A9C224A1DB2800622BB8 /* PBXContainerItemProxy */ = {
			isa = PBXContainerItemProxy;
			containerPortal = E2A2A99824A1DB1600622BB8 /* Project object */;
			proxyType = 1;
			remoteGlobalIDString = E2A2A99F24A1DB1600622BB8;
			remoteInfo = "emerge-van-niranjan";
		};
/* End PBXContainerItemProxy section */

/* Begin PBXFileReference section */
		0301880EA0E5D48EAF17AE5D /* Pods-emerge-van-niranjan-emerge-van-niranjanUITests.debug.xcconfig */ = {isa = PBXFileReference; includeInIndex = 1; lastKnownFileType = text.xcconfig; name = "Pods-emerge-van-niranjan-emerge-van-niranjanUITests.debug.xcconfig"; path = "Target Support Files/Pods-emerge-van-niranjan-emerge-van-niranjanUITests/Pods-emerge-van-niranjan-emerge-van-niranjanUITests.debug.xcconfig"; sourceTree = "<group>"; };
		0C907024A0C0762E63B2E002 /* Pods-emerge-van-niranjan.release.xcconfig */ = {isa = PBXFileReference; includeInIndex = 1; lastKnownFileType = text.xcconfig; name = "Pods-emerge-van-niranjan.release.xcconfig"; path = "Target Support Files/Pods-emerge-van-niranjan/Pods-emerge-van-niranjan.release.xcconfig"; sourceTree = "<group>"; };
		0E56D2F687D6B964884B5823 /* Pods-emerge-van-niranjan.debug.xcconfig */ = {isa = PBXFileReference; includeInIndex = 1; lastKnownFileType = text.xcconfig; name = "Pods-emerge-van-niranjan.debug.xcconfig"; path = "Target Support Files/Pods-emerge-van-niranjan/Pods-emerge-van-niranjan.debug.xcconfig"; sourceTree = "<group>"; };
		4CA43CC4539A4ACCA444CAF9 /* Pods_emerge_van_niranjan.framework */ = {isa = PBXFileReference; explicitFileType = wrapper.framework; includeInIndex = 0; path = Pods_emerge_van_niranjan.framework; sourceTree = BUILT_PRODUCTS_DIR; };
		6D2ADD6F1856A31A00976611 /* Pods_emerge_van_niranjanTests.framework */ = {isa = PBXFileReference; explicitFileType = wrapper.framework; includeInIndex = 0; path = Pods_emerge_van_niranjanTests.framework; sourceTree = BUILT_PRODUCTS_DIR; };
		9C39500E77B3FA1CAE8D5704 /* Pods-emerge-van-niranjanTests.debug.xcconfig */ = {isa = PBXFileReference; includeInIndex = 1; lastKnownFileType = text.xcconfig; name = "Pods-emerge-van-niranjanTests.debug.xcconfig"; path = "Target Support Files/Pods-emerge-van-niranjanTests/Pods-emerge-van-niranjanTests.debug.xcconfig"; sourceTree = "<group>"; };
		B62C2086ACE9C7A897BA9CCF /* Pods_emerge_van_niranjan_emerge_van_niranjanUITests.framework */ = {isa = PBXFileReference; explicitFileType = wrapper.framework; includeInIndex = 0; path = Pods_emerge_van_niranjan_emerge_van_niranjanUITests.framework; sourceTree = BUILT_PRODUCTS_DIR; };
		B678C35587BBAC1B28E22D63 /* Pods-emerge-van-niranjan-emerge-van-niranjanUITests.release.xcconfig */ = {isa = PBXFileReference; includeInIndex = 1; lastKnownFileType = text.xcconfig; name = "Pods-emerge-van-niranjan-emerge-van-niranjanUITests.release.xcconfig"; path = "Target Support Files/Pods-emerge-van-niranjan-emerge-van-niranjanUITests/Pods-emerge-van-niranjan-emerge-van-niranjanUITests.release.xcconfig"; sourceTree = "<group>"; };
		D5E323139EDB1978811E4BF5 /* Pods-emerge-van-niranjanTests.release.xcconfig */ = {isa = PBXFileReference; includeInIndex = 1; lastKnownFileType = text.xcconfig; name = "Pods-emerge-van-niranjanTests.release.xcconfig"; path = "Target Support Files/Pods-emerge-van-niranjanTests/Pods-emerge-van-niranjanTests.release.xcconfig"; sourceTree = "<group>"; };
		E22FC7E924A414110011F24F /* HospitalTableViewController.swift */ = {isa = PBXFileReference; lastKnownFileType = sourcecode.swift; path = HospitalTableViewController.swift; sourceTree = "<group>"; };
		E2A2A9A024A1DB1600622BB8 /* emerge-van-niranjan.app */ = {isa = PBXFileReference; explicitFileType = wrapper.application; includeInIndex = 0; path = "emerge-van-niranjan.app"; sourceTree = BUILT_PRODUCTS_DIR; };
		E2A2A9A324A1DB1600622BB8 /* AppDelegate.swift */ = {isa = PBXFileReference; lastKnownFileType = sourcecode.swift; path = AppDelegate.swift; sourceTree = "<group>"; };
		E2A2A9A524A1DB1600622BB8 /* SceneDelegate.swift */ = {isa = PBXFileReference; lastKnownFileType = sourcecode.swift; path = SceneDelegate.swift; sourceTree = "<group>"; };
		E2A2A9AA24A1DB1600622BB8 /* Base */ = {isa = PBXFileReference; lastKnownFileType = file.storyboard; name = Base; path = Base.lproj/Main.storyboard; sourceTree = "<group>"; };
		E2A2A9AC24A1DB2800622BB8 /* Assets.xcassets */ = {isa = PBXFileReference; lastKnownFileType = folder.assetcatalog; path = Assets.xcassets; sourceTree = "<group>"; };
		E2A2A9AF24A1DB2800622BB8 /* Base */ = {isa = PBXFileReference; lastKnownFileType = file.storyboard; name = Base; path = Base.lproj/LaunchScreen.storyboard; sourceTree = "<group>"; };
		E2A2A9B124A1DB2800622BB8 /* Info.plist */ = {isa = PBXFileReference; lastKnownFileType = text.plist.xml; path = Info.plist; sourceTree = "<group>"; };
		E2A2A9B624A1DB2800622BB8 /* emerge-van-niranjanTests.xctest */ = {isa = PBXFileReference; explicitFileType = wrapper.cfbundle; includeInIndex = 0; path = "emerge-van-niranjanTests.xctest"; sourceTree = BUILT_PRODUCTS_DIR; };
		E2A2A9BA24A1DB2800622BB8 /* emerge_van_niranjanTests.swift */ = {isa = PBXFileReference; lastKnownFileType = sourcecode.swift; path = emerge_van_niranjanTests.swift; sourceTree = "<group>"; };
		E2A2A9BC24A1DB2800622BB8 /* Info.plist */ = {isa = PBXFileReference; lastKnownFileType = text.plist.xml; path = Info.plist; sourceTree = "<group>"; };
		E2A2A9C124A1DB2800622BB8 /* emerge-van-niranjanUITests.xctest */ = {isa = PBXFileReference; explicitFileType = wrapper.cfbundle; includeInIndex = 0; path = "emerge-van-niranjanUITests.xctest"; sourceTree = BUILT_PRODUCTS_DIR; };
		E2A2A9C524A1DB2800622BB8 /* emerge_van_niranjanUITests.swift */ = {isa = PBXFileReference; lastKnownFileType = sourcecode.swift; path = emerge_van_niranjanUITests.swift; sourceTree = "<group>"; };
		E2A2A9C724A1DB2800622BB8 /* Info.plist */ = {isa = PBXFileReference; lastKnownFileType = text.plist.xml; path = Info.plist; sourceTree = "<group>"; };
/* End PBXFileReference section */

/* Begin PBXFrameworksBuildPhase section */
		E2A2A99D24A1DB1600622BB8 /* Frameworks */ = {
			isa = PBXFrameworksBuildPhase;
			buildActionMask = 2147483647;
			files = (
				280854C6E40AF4E7C341F043 /* Pods_emerge_van_niranjan.framework in Frameworks */,
			);
			runOnlyForDeploymentPostprocessing = 0;
		};
		E2A2A9B324A1DB2800622BB8 /* Frameworks */ = {
			isa = PBXFrameworksBuildPhase;
			buildActionMask = 2147483647;
			files = (
				9828D2EA2464F1AE12B47CC6 /* Pods_emerge_van_niranjanTests.framework in Frameworks */,
			);
			runOnlyForDeploymentPostprocessing = 0;
		};
		E2A2A9BE24A1DB2800622BB8 /* Frameworks */ = {
			isa = PBXFrameworksBuildPhase;
			buildActionMask = 2147483647;
			files = (
				263D7ECA9AA21F45F1D690E4 /* Pods_emerge_van_niranjan_emerge_van_niranjanUITests.framework in Frameworks */,
			);
			runOnlyForDeploymentPostprocessing = 0;
		};
/* End PBXFrameworksBuildPhase section */

/* Begin PBXGroup section */
		85449683B2A19FB4B0A70630 /* Frameworks */ = {
			isa = PBXGroup;
			children = (
				4CA43CC4539A4ACCA444CAF9 /* Pods_emerge_van_niranjan.framework */,
				B62C2086ACE9C7A897BA9CCF /* Pods_emerge_van_niranjan_emerge_van_niranjanUITests.framework */,
				6D2ADD6F1856A31A00976611 /* Pods_emerge_van_niranjanTests.framework */,
			);
			name = Frameworks;
			sourceTree = "<group>";
		};
		E2A2A99724A1DB1600622BB8 = {
			isa = PBXGroup;
			children = (
				E2A2A9A224A1DB1600622BB8 /* emerge-van-niranjan */,
				E2A2A9B924A1DB2800622BB8 /* emerge-van-niranjanTests */,
				E2A2A9C424A1DB2800622BB8 /* emerge-van-niranjanUITests */,
				E2A2A9A124A1DB1600622BB8 /* Products */,
				FBEF3CCA36EE207B15F75500 /* Pods */,
				85449683B2A19FB4B0A70630 /* Frameworks */,
			);
			sourceTree = "<group>";
		};
		E2A2A9A124A1DB1600622BB8 /* Products */ = {
			isa = PBXGroup;
			children = (
				E2A2A9A024A1DB1600622BB8 /* emerge-van-niranjan.app */,
				E2A2A9B624A1DB2800622BB8 /* emerge-van-niranjanTests.xctest */,
				E2A2A9C124A1DB2800622BB8 /* emerge-van-niranjanUITests.xctest */,
			);
			name = Products;
			sourceTree = "<group>";
		};
		E2A2A9A224A1DB1600622BB8 /* emerge-van-niranjan */ = {
			isa = PBXGroup;
			children = (
				E2A2A9A324A1DB1600622BB8 /* AppDelegate.swift */,
				E2A2A9A524A1DB1600622BB8 /* SceneDelegate.swift */,
				E22FC7E924A414110011F24F /* HospitalTableViewController.swift */,
				E2A2A9A924A1DB1600622BB8 /* Main.storyboard */,
				E2A2A9AC24A1DB2800622BB8 /* Assets.xcassets */,
				E2A2A9AE24A1DB2800622BB8 /* LaunchScreen.storyboard */,
				E2A2A9B124A1DB2800622BB8 /* Info.plist */,
			);
			path = "emerge-van-niranjan";
			sourceTree = "<group>";
		};
		E2A2A9B924A1DB2800622BB8 /* emerge-van-niranjanTests */ = {
			isa = PBXGroup;
			children = (
				E2A2A9BA24A1DB2800622BB8 /* emerge_van_niranjanTests.swift */,
				E2A2A9BC24A1DB2800622BB8 /* Info.plist */,
			);
			path = "emerge-van-niranjanTests";
			sourceTree = "<group>";
		};
		E2A2A9C424A1DB2800622BB8 /* emerge-van-niranjanUITests */ = {
			isa = PBXGroup;
			children = (
				E2A2A9C524A1DB2800622BB8 /* emerge_van_niranjanUITests.swift */,
				E2A2A9C724A1DB2800622BB8 /* Info.plist */,
			);
			path = "emerge-van-niranjanUITests";
			sourceTree = "<group>";
		};
		FBEF3CCA36EE207B15F75500 /* Pods */ = {
			isa = PBXGroup;
			children = (
				0E56D2F687D6B964884B5823 /* Pods-emerge-van-niranjan.debug.xcconfig */,
				0C907024A0C0762E63B2E002 /* Pods-emerge-van-niranjan.release.xcconfig */,
				0301880EA0E5D48EAF17AE5D /* Pods-emerge-van-niranjan-emerge-van-niranjanUITests.debug.xcconfig */,
				B678C35587BBAC1B28E22D63 /* Pods-emerge-van-niranjan-emerge-van-niranjanUITests.release.xcconfig */,
				9C39500E77B3FA1CAE8D5704 /* Pods-emerge-van-niranjanTests.debug.xcconfig */,
				D5E323139EDB1978811E4BF5 /* Pods-emerge-van-niranjanTests.release.xcconfig */,
			);
			name = Pods;
			path = Pods;
			sourceTree = "<group>";
		};
/* End PBXGroup section */

/* Begin PBXNativeTarget section */
		E2A2A99F24A1DB1600622BB8 /* emerge-van-niranjan */ = {
			isa = PBXNativeTarget;
			buildConfigurationList = E2A2A9CA24A1DB2800622BB8 /* Build configuration list for PBXNativeTarget "emerge-van-niranjan" */;
			buildPhases = (
				09B86A52D7B48C64A5010733 /* [CP] Check Pods Manifest.lock */,
				E2A2A99C24A1DB1600622BB8 /* Sources */,
				E2A2A99D24A1DB1600622BB8 /* Frameworks */,
				E2A2A99E24A1DB1600622BB8 /* Resources */,
				8FB2375E7743D7A5A2F1992D /* [CP] Embed Pods Frameworks */,
			);
			buildRules = (
			);
			dependencies = (
			);
			name = "emerge-van-niranjan";
			productName = "emerge-van-niranjan";
			productReference = E2A2A9A024A1DB1600622BB8 /* emerge-van-niranjan.app */;
			productType = "com.apple.product-type.application";
		};
		E2A2A9B524A1DB2800622BB8 /* emerge-van-niranjanTests */ = {
			isa = PBXNativeTarget;
			buildConfigurationList = E2A2A9CD24A1DB2800622BB8 /* Build configuration list for PBXNativeTarget "emerge-van-niranjanTests" */;
			buildPhases = (
				82528C04C6AD38073A5EA473 /* [CP] Check Pods Manifest.lock */,
				E2A2A9B224A1DB2800622BB8 /* Sources */,
				E2A2A9B324A1DB2800622BB8 /* Frameworks */,
				E2A2A9B424A1DB2800622BB8 /* Resources */,
			);
			buildRules = (
			);
			dependencies = (
				E2A2A9B824A1DB2800622BB8 /* PBXTargetDependency */,
			);
			name = "emerge-van-niranjanTests";
			productName = "emerge-van-niranjanTests";
			productReference = E2A2A9B624A1DB2800622BB8 /* emerge-van-niranjanTests.xctest */;
			productType = "com.apple.product-type.bundle.unit-test";
		};
		E2A2A9C024A1DB2800622BB8 /* emerge-van-niranjanUITests */ = {
			isa = PBXNativeTarget;
			buildConfigurationList = E2A2A9D024A1DB2800622BB8 /* Build configuration list for PBXNativeTarget "emerge-van-niranjanUITests" */;
			buildPhases = (
				ECB5F5811985868F42FEBBAF /* [CP] Check Pods Manifest.lock */,
				E2A2A9BD24A1DB2800622BB8 /* Sources */,
				E2A2A9BE24A1DB2800622BB8 /* Frameworks */,
				E2A2A9BF24A1DB2800622BB8 /* Resources */,
				B64766A18737F9077DE1F8F0 /* [CP] Embed Pods Frameworks */,
			);
			buildRules = (
			);
			dependencies = (
				E2A2A9C324A1DB2800622BB8 /* PBXTargetDependency */,
			);
			name = "emerge-van-niranjanUITests";
			productName = "emerge-van-niranjanUITests";
			productReference = E2A2A9C124A1DB2800622BB8 /* emerge-van-niranjanUITests.xctest */;
			productType = "com.apple.product-type.bundle.ui-testing";
		};
/* End PBXNativeTarget section */

/* Begin PBXProject section */
		E2A2A99824A1DB1600622BB8 /* Project object */ = {
			isa = PBXProject;
			attributes = {
				LastSwiftUpdateCheck = 1150;
				LastUpgradeCheck = 1150;
				ORGANIZATIONNAME = NiranjanVaswani;
				TargetAttributes = {
					E2A2A99F24A1DB1600622BB8 = {
						CreatedOnToolsVersion = 11.5;
					};
					E2A2A9B524A1DB2800622BB8 = {
						CreatedOnToolsVersion = 11.5;
						TestTargetID = E2A2A99F24A1DB1600622BB8;
					};
					E2A2A9C024A1DB2800622BB8 = {
						CreatedOnToolsVersion = 11.5;
						TestTargetID = E2A2A99F24A1DB1600622BB8;
					};
				};
			};
			buildConfigurationList = E2A2A99B24A1DB1600622BB8 /* Build configuration list for PBXProject "emerge-van-niranjan" */;
			compatibilityVersion = "Xcode 9.3";
			developmentRegion = en;
			hasScannedForEncodings = 0;
			knownRegions = (
				en,
				Base,
			);
			mainGroup = E2A2A99724A1DB1600622BB8;
			productRefGroup = E2A2A9A124A1DB1600622BB8 /* Products */;
			projectDirPath = "";
			projectRoot = "";
			targets = (
				E2A2A99F24A1DB1600622BB8 /* emerge-van-niranjan */,
				E2A2A9B524A1DB2800622BB8 /* emerge-van-niranjanTests */,
				E2A2A9C024A1DB2800622BB8 /* emerge-van-niranjanUITests */,
			);
		};
/* End PBXProject section */

/* Begin PBXResourcesBuildPhase section */
		E2A2A99E24A1DB1600622BB8 /* Resources */ = {
			isa = PBXResourcesBuildPhase;
			buildActionMask = 2147483647;
			files = (
				E2A2A9B024A1DB2800622BB8 /* LaunchScreen.storyboard in Resources */,
				E2A2A9AD24A1DB2800622BB8 /* Assets.xcassets in Resources */,
				E2A2A9AB24A1DB1600622BB8 /* Main.storyboard in Resources */,
			);
			runOnlyForDeploymentPostprocessing = 0;
		};
		E2A2A9B424A1DB2800622BB8 /* Resources */ = {
			isa = PBXResourcesBuildPhase;
			buildActionMask = 2147483647;
			files = (
			);
			runOnlyForDeploymentPostprocessing = 0;
		};
		E2A2A9BF24A1DB2800622BB8 /* Resources */ = {
			isa = PBXResourcesBuildPhase;
			buildActionMask = 2147483647;
			files = (
			);
			runOnlyForDeploymentPostprocessing = 0;
		};
/* End PBXResourcesBuildPhase section */

/* Begin PBXShellScriptBuildPhase section */
		09B86A52D7B48C64A5010733 /* [CP] Check Pods Manifest.lock */ = {
			isa = PBXShellScriptBuildPhase;
			buildActionMask = 2147483647;
			files = (
			);
			inputFileListPaths = (
			);
			inputPaths = (
				"${PODS_PODFILE_DIR_PATH}/Podfile.lock",
				"${PODS_ROOT}/Manifest.lock",
			);
			name = "[CP] Check Pods Manifest.lock";
			outputFileListPaths = (
			);
			outputPaths = (
				"$(DERIVED_FILE_DIR)/Pods-emerge-van-niranjan-checkManifestLockResult.txt",
			);
			runOnlyForDeploymentPostprocessing = 0;
			shellPath = /bin/sh;
			shellScript = "diff \"${PODS_PODFILE_DIR_PATH}/Podfile.lock\" \"${PODS_ROOT}/Manifest.lock\" > /dev/null\nif [ $? != 0 ] ; then\n    # print error to STDERR\n    echo \"error: The sandbox is not in sync with the Podfile.lock. Run 'pod install' or update your CocoaPods installation.\" >&2\n    exit 1\nfi\n# This output is used by Xcode 'outputs' to avoid re-running this script phase.\necho \"SUCCESS\" > \"${SCRIPT_OUTPUT_FILE_0}\"\n";
			showEnvVarsInLog = 0;
		};
		82528C04C6AD38073A5EA473 /* [CP] Check Pods Manifest.lock */ = {
			isa = PBXShellScriptBuildPhase;
			buildActionMask = 2147483647;
			files = (
			);
			inputFileListPaths = (
			);
			inputPaths = (
				"${PODS_PODFILE_DIR_PATH}/Podfile.lock",
				"${PODS_ROOT}/Manifest.lock",
			);
			name = "[CP] Check Pods Manifest.lock";
			outputFileListPaths = (
			);
			outputPaths = (
				"$(DERIVED_FILE_DIR)/Pods-emerge-van-niranjanTests-checkManifestLockResult.txt",
			);
			runOnlyForDeploymentPostprocessing = 0;
			shellPath = /bin/sh;
			shellScript = "diff \"${PODS_PODFILE_DIR_PATH}/Podfile.lock\" \"${PODS_ROOT}/Manifest.lock\" > /dev/null\nif [ $? != 0 ] ; then\n    # print error to STDERR\n    echo \"error: The sandbox is not in sync with the Podfile.lock. Run 'pod install' or update your CocoaPods installation.\" >&2\n    exit 1\nfi\n# This output is used by Xcode 'outputs' to avoid re-running this script phase.\necho \"SUCCESS\" > \"${SCRIPT_OUTPUT_FILE_0}\"\n";
			showEnvVarsInLog = 0;
		};
		8FB2375E7743D7A5A2F1992D /* [CP] Embed Pods Frameworks */ = {
			isa = PBXShellScriptBuildPhase;
			buildActionMask = 2147483647;
			files = (
			);
			inputFileListPaths = (
				"${PODS_ROOT}/Target Support Files/Pods-emerge-van-niranjan/Pods-emerge-van-niranjan-frameworks-${CONFIGURATION}-input-files.xcfilelist",
			);
			name = "[CP] Embed Pods Frameworks";
			outputFileListPaths = (
				"${PODS_ROOT}/Target Support Files/Pods-emerge-van-niranjan/Pods-emerge-van-niranjan-frameworks-${CONFIGURATION}-output-files.xcfilelist",
			);
			runOnlyForDeploymentPostprocessing = 0;
			shellPath = /bin/sh;
			shellScript = "\"${PODS_ROOT}/Target Support Files/Pods-emerge-van-niranjan/Pods-emerge-van-niranjan-frameworks.sh\"\n";
			showEnvVarsInLog = 0;
		};
		B64766A18737F9077DE1F8F0 /* [CP] Embed Pods Frameworks */ = {
			isa = PBXShellScriptBuildPhase;
			buildActionMask = 2147483647;
			files = (
			);
			inputFileListPaths = (
				"${PODS_ROOT}/Target Support Files/Pods-emerge-van-niranjan-emerge-van-niranjanUITests/Pods-emerge-van-niranjan-emerge-van-niranjanUITests-frameworks-${CONFIGURATION}-input-files.xcfilelist",
			);
			name = "[CP] Embed Pods Frameworks";
			outputFileListPaths = (
				"${PODS_ROOT}/Target Support Files/Pods-emerge-van-niranjan-emerge-van-niranjanUITests/Pods-emerge-van-niranjan-emerge-van-niranjanUITests-frameworks-${CONFIGURATION}-output-files.xcfilelist",
			);
			runOnlyForDeploymentPostprocessing = 0;
			shellPath = /bin/sh;
			shellScript = "\"${PODS_ROOT}/Target Support Files/Pods-emerge-van-niranjan-emerge-van-niranjanUITests/Pods-emerge-van-niranjan-emerge-van-niranjanUITests-frameworks.sh\"\n";
			showEnvVarsInLog = 0;
		};
		ECB5F5811985868F42FEBBAF /* [CP] Check Pods Manifest.lock */ = {
			isa = PBXShellScriptBuildPhase;
			buildActionMask = 2147483647;
			files = (
			);
			inputFileListPaths = (
			);
			inputPaths = (
				"${PODS_PODFILE_DIR_PATH}/Podfile.lock",
				"${PODS_ROOT}/Manifest.lock",
			);
			name = "[CP] Check Pods Manifest.lock";
			outputFileListPaths = (
			);
			outputPaths = (
				"$(DERIVED_FILE_DIR)/Pods-emerge-van-niranjan-emerge-van-niranjanUITests-checkManifestLockResult.txt",
			);
			runOnlyForDeploymentPostprocessing = 0;
			shellPath = /bin/sh;
			shellScript = "diff \"${PODS_PODFILE_DIR_PATH}/Podfile.lock\" \"${PODS_ROOT}/Manifest.lock\" > /dev/null\nif [ $? != 0 ] ; then\n    # print error to STDERR\n    echo \"error: The sandbox is not in sync with the Podfile.lock. Run 'pod install' or update your CocoaPods installation.\" >&2\n    exit 1\nfi\n# This output is used by Xcode 'outputs' to avoid re-running this script phase.\necho \"SUCCESS\" > \"${SCRIPT_OUTPUT_FILE_0}\"\n";
			showEnvVarsInLog = 0;
		};
/* End PBXShellScriptBuildPhase section */

/* Begin PBXSourcesBuildPhase section */
		E2A2A99C24A1DB1600622BB8 /* Sources */ = {
			isa = PBXSourcesBuildPhase;
			buildActionMask = 2147483647;
			files = (
				E22FC7EA24A414110011F24F /* HospitalTableViewController.swift in Sources */,
				E2A2A9A424A1DB1600622BB8 /* AppDelegate.swift in Sources */,
				E2A2A9A624A1DB1600622BB8 /* SceneDelegate.swift in Sources */,
			);
			runOnlyForDeploymentPostprocessing = 0;
		};
		E2A2A9B224A1DB2800622BB8 /* Sources */ = {
			isa = PBXSourcesBuildPhase;
			buildActionMask = 2147483647;
			files = (
				E2A2A9BB24A1DB2800622BB8 /* emerge_van_niranjanTests.swift in Sources */,
			);
			runOnlyForDeploymentPostprocessing = 0;
		};
		E2A2A9BD24A1DB2800622BB8 /* Sources */ = {
			isa = PBXSourcesBuildPhase;
			buildActionMask = 2147483647;
			files = (
				E2A2A9C624A1DB2800622BB8 /* emerge_van_niranjanUITests.swift in Sources */,
			);
			runOnlyForDeploymentPostprocessing = 0;
		};
/* End PBXSourcesBuildPhase section */

/* Begin PBXTargetDependency section */
		E2A2A9B824A1DB2800622BB8 /* PBXTargetDependency */ = {
			isa = PBXTargetDependency;
			target = E2A2A99F24A1DB1600622BB8 /* emerge-van-niranjan */;
			targetProxy = E2A2A9B724A1DB2800622BB8 /* PBXContainerItemProxy */;
		};
		E2A2A9C324A1DB2800622BB8 /* PBXTargetDependency */ = {
			isa = PBXTargetDependency;
			target = E2A2A99F24A1DB1600622BB8 /* emerge-van-niranjan */;
			targetProxy = E2A2A9C224A1DB2800622BB8 /* PBXContainerItemProxy */;
		};
/* End PBXTargetDependency section */

/* Begin PBXVariantGroup section */
		E2A2A9A924A1DB1600622BB8 /* Main.storyboard */ = {
			isa = PBXVariantGroup;
			children = (
				E2A2A9AA24A1DB1600622BB8 /* Base */,
			);
			name = Main.storyboard;
			sourceTree = "<group>";
		};
		E2A2A9AE24A1DB2800622BB8 /* LaunchScreen.storyboard */ = {
			isa = PBXVariantGroup;
			children = (
				E2A2A9AF24A1DB2800622BB8 /* Base */,
			);
			name = LaunchScreen.storyboard;
			sourceTree = "<group>";
		};
/* End PBXVariantGroup section */

/* Begin XCBuildConfiguration section */
		E2A2A9C824A1DB2800622BB8 /* Debug */ = {
			isa = XCBuildConfiguration;
			buildSettings = {
				ALWAYS_SEARCH_USER_PATHS = NO;
				CLANG_ANALYZER_NONNULL = YES;
				CLANG_ANALYZER_NUMBER_OBJECT_CONVERSION = YES_AGGRESSIVE;
				CLANG_CXX_LANGUAGE_STANDARD = "gnu++14";
				CLANG_CXX_LIBRARY = "libc++";
				CLANG_ENABLE_MODULES = YES;
				CLANG_ENABLE_OBJC_ARC = YES;
				CLANG_ENABLE_OBJC_WEAK = YES;
				CLANG_WARN_BLOCK_CAPTURE_AUTORELEASING = YES;
				CLANG_WARN_BOOL_CONVERSION = YES;
				CLANG_WARN_COMMA = YES;
				CLANG_WARN_CONSTANT_CONVERSION = YES;
				CLANG_WARN_DEPRECATED_OBJC_IMPLEMENTATIONS = YES;
				CLANG_WARN_DIRECT_OBJC_ISA_USAGE = YES_ERROR;
				CLANG_WARN_DOCUMENTATION_COMMENTS = YES;
				CLANG_WARN_EMPTY_BODY = YES;
				CLANG_WARN_ENUM_CONVERSION = YES;
				CLANG_WARN_INFINITE_RECURSION = YES;
				CLANG_WARN_INT_CONVERSION = YES;
				CLANG_WARN_NON_LITERAL_NULL_CONVERSION = YES;
				CLANG_WARN_OBJC_IMPLICIT_RETAIN_SELF = YES;
				CLANG_WARN_OBJC_LITERAL_CONVERSION = YES;
				CLANG_WARN_OBJC_ROOT_CLASS = YES_ERROR;
				CLANG_WARN_RANGE_LOOP_ANALYSIS = YES;
				CLANG_WARN_STRICT_PROTOTYPES = YES;
				CLANG_WARN_SUSPICIOUS_MOVE = YES;
				CLANG_WARN_UNGUARDED_AVAILABILITY = YES_AGGRESSIVE;
				CLANG_WARN_UNREACHABLE_CODE = YES;
				CLANG_WARN__DUPLICATE_METHOD_MATCH = YES;
				COPY_PHASE_STRIP = NO;
				DEBUG_INFORMATION_FORMAT = dwarf;
				ENABLE_STRICT_OBJC_MSGSEND = YES;
				ENABLE_TESTABILITY = YES;
				GCC_C_LANGUAGE_STANDARD = gnu11;
				GCC_DYNAMIC_NO_PIC = NO;
				GCC_NO_COMMON_BLOCKS = YES;
				GCC_OPTIMIZATION_LEVEL = 0;
				GCC_PREPROCESSOR_DEFINITIONS = (
					"DEBUG=1",
					"$(inherited)",
				);
				GCC_WARN_64_TO_32_BIT_CONVERSION = YES;
				GCC_WARN_ABOUT_RETURN_TYPE = YES_ERROR;
				GCC_WARN_UNDECLARED_SELECTOR = YES;
				GCC_WARN_UNINITIALIZED_AUTOS = YES_AGGRESSIVE;
				GCC_WARN_UNUSED_FUNCTION = YES;
				GCC_WARN_UNUSED_VARIABLE = YES;
				IPHONEOS_DEPLOYMENT_TARGET = 13.5;
				MTL_ENABLE_DEBUG_INFO = INCLUDE_SOURCE;
				MTL_FAST_MATH = YES;
				ONLY_ACTIVE_ARCH = YES;
				SDKROOT = iphoneos;
				SWIFT_ACTIVE_COMPILATION_CONDITIONS = DEBUG;
				SWIFT_OPTIMIZATION_LEVEL = "-Onone";
			};
			name = Debug;
		};
		E2A2A9C924A1DB2800622BB8 /* Release */ = {
			isa = XCBuildConfiguration;
			buildSettings = {
				ALWAYS_SEARCH_USER_PATHS = NO;
				CLANG_ANALYZER_NONNULL = YES;
				CLANG_ANALYZER_NUMBER_OBJECT_CONVERSION = YES_AGGRESSIVE;
				CLANG_CXX_LANGUAGE_STANDARD = "gnu++14";
				CLANG_CXX_LIBRARY = "libc++";
				CLANG_ENABLE_MODULES = YES;
				CLANG_ENABLE_OBJC_ARC = YES;
				CLANG_ENABLE_OBJC_WEAK = YES;
				CLANG_WARN_BLOCK_CAPTURE_AUTORELEASING = YES;
				CLANG_WARN_BOOL_CONVERSION = YES;
				CLANG_WARN_COMMA = YES;
				CLANG_WARN_CONSTANT_CONVERSION = YES;
				CLANG_WARN_DEPRECATED_OBJC_IMPLEMENTATIONS = YES;
				CLANG_WARN_DIRECT_OBJC_ISA_USAGE = YES_ERROR;
				CLANG_WARN_DOCUMENTATION_COMMENTS = YES;
				CLANG_WARN_EMPTY_BODY = YES;
				CLANG_WARN_ENUM_CONVERSION = YES;
				CLANG_WARN_INFINITE_RECURSION = YES;
				CLANG_WARN_INT_CONVERSION = YES;
				CLANG_WARN_NON_LITERAL_NULL_CONVERSION = YES;
				CLANG_WARN_OBJC_IMPLICIT_RETAIN_SELF = YES;
				CLANG_WARN_OBJC_LITERAL_CONVERSION = YES;
				CLANG_WARN_OBJC_ROOT_CLASS = YES_ERROR;
				CLANG_WARN_RANGE_LOOP_ANALYSIS = YES;
				CLANG_WARN_STRICT_PROTOTYPES = YES;
				CLANG_WARN_SUSPICIOUS_MOVE = YES;
				CLANG_WARN_UNGUARDED_AVAILABILITY = YES_AGGRESSIVE;
				CLANG_WARN_UNREACHABLE_CODE = YES;
				CLANG_WARN__DUPLICATE_METHOD_MATCH = YES;
				COPY_PHASE_STRIP = NO;
				DEBUG_INFORMATION_FORMAT = "dwarf-with-dsym";
				ENABLE_NS_ASSERTIONS = NO;
				ENABLE_STRICT_OBJC_MSGSEND = YES;
				GCC_C_LANGUAGE_STANDARD = gnu11;
				GCC_NO_COMMON_BLOCKS = YES;
				GCC_WARN_64_TO_32_BIT_CONVERSION = YES;
				GCC_WARN_ABOUT_RETURN_TYPE = YES_ERROR;
				GCC_WARN_UNDECLARED_SELECTOR = YES;
				GCC_WARN_UNINITIALIZED_AUTOS = YES_AGGRESSIVE;
				GCC_WARN_UNUSED_FUNCTION = YES;
				GCC_WARN_UNUSED_VARIABLE = YES;
				IPHONEOS_DEPLOYMENT_TARGET = 13.5;
				MTL_ENABLE_DEBUG_INFO = NO;
				MTL_FAST_MATH = YES;
				SDKROOT = iphoneos;
				SWIFT_COMPILATION_MODE = wholemodule;
				SWIFT_OPTIMIZATION_LEVEL = "-O";
				VALIDATE_PRODUCT = YES;
			};
			name = Release;
		};
		E2A2A9CB24A1DB2800622BB8 /* Debug */ = {
			isa = XCBuildConfiguration;
			baseConfigurationReference = 0E56D2F687D6B964884B5823 /* Pods-emerge-van-niranjan.debug.xcconfig */;
			buildSettings = {
				ASSETCATALOG_COMPILER_APPICON_NAME = AppIcon;
				CODE_SIGN_STYLE = Automatic;
				INFOPLIST_FILE = "emerge-van-niranjan/Info.plist";
				LD_RUNPATH_SEARCH_PATHS = (
					"$(inherited)",
					"@executable_path/Frameworks",
				);
				PRODUCT_BUNDLE_IDENTIFIER = "NiranjanVaswani.emerge-van-niranjan";
				PRODUCT_NAME = "$(TARGET_NAME)";
				SWIFT_VERSION = 5.0;
				TARGETED_DEVICE_FAMILY = "1,2";
			};
			name = Debug;
		};
		E2A2A9CC24A1DB2800622BB8 /* Release */ = {
			isa = XCBuildConfiguration;
			baseConfigurationReference = 0C907024A0C0762E63B2E002 /* Pods-emerge-van-niranjan.release.xcconfig */;
			buildSettings = {
				ASSETCATALOG_COMPILER_APPICON_NAME = AppIcon;
				CODE_SIGN_STYLE = Automatic;
				INFOPLIST_FILE = "emerge-van-niranjan/Info.plist";
				LD_RUNPATH_SEARCH_PATHS = (
					"$(inherited)",
					"@executable_path/Frameworks",
				);
				PRODUCT_BUNDLE_IDENTIFIER = "NiranjanVaswani.emerge-van-niranjan";
				PRODUCT_NAME = "$(TARGET_NAME)";
				SWIFT_VERSION = 5.0;
				TARGETED_DEVICE_FAMILY = "1,2";
			};
			name = Release;
		};
		E2A2A9CE24A1DB2800622BB8 /* Debug */ = {
			isa = XCBuildConfiguration;
			baseConfigurationReference = 9C39500E77B3FA1CAE8D5704 /* Pods-emerge-van-niranjanTests.debug.xcconfig */;
			buildSettings = {
				ALWAYS_EMBED_SWIFT_STANDARD_LIBRARIES = YES;
				BUNDLE_LOADER = "$(TEST_HOST)";
				CODE_SIGN_STYLE = Automatic;
				INFOPLIST_FILE = "emerge-van-niranjanTests/Info.plist";
				IPHONEOS_DEPLOYMENT_TARGET = 13.5;
				LD_RUNPATH_SEARCH_PATHS = (
					"$(inherited)",
					"@executable_path/Frameworks",
					"@loader_path/Frameworks",
				);
				PRODUCT_BUNDLE_IDENTIFIER = "NiranjanVaswani.emerge-van-niranjanTests";
				PRODUCT_NAME = "$(TARGET_NAME)";
				SWIFT_VERSION = 5.0;
				TARGETED_DEVICE_FAMILY = "1,2";
				TEST_HOST = "$(BUILT_PRODUCTS_DIR)/emerge-van-niranjan.app/emerge-van-niranjan";
			};
			name = Debug;
		};
		E2A2A9CF24A1DB2800622BB8 /* Release */ = {
			isa = XCBuildConfiguration;
			baseConfigurationReference = D5E323139EDB1978811E4BF5 /* Pods-emerge-van-niranjanTests.release.xcconfig */;
			buildSettings = {
				ALWAYS_EMBED_SWIFT_STANDARD_LIBRARIES = YES;
				BUNDLE_LOADER = "$(TEST_HOST)";
				CODE_SIGN_STYLE = Automatic;
				INFOPLIST_FILE = "emerge-van-niranjanTests/Info.plist";
				IPHONEOS_DEPLOYMENT_TARGET = 13.5;
				LD_RUNPATH_SEARCH_PATHS = (
					"$(inherited)",
					"@executable_path/Frameworks",
					"@loader_path/Frameworks",
				);
				PRODUCT_BUNDLE_IDENTIFIER = "NiranjanVaswani.emerge-van-niranjanTests";
				PRODUCT_NAME = "$(TARGET_NAME)";
				SWIFT_VERSION = 5.0;
				TARGETED_DEVICE_FAMILY = "1,2";
				TEST_HOST = "$(BUILT_PRODUCTS_DIR)/emerge-van-niranjan.app/emerge-van-niranjan";
			};
			name = Release;
		};
		E2A2A9D124A1DB2800622BB8 /* Debug */ = {
			isa = XCBuildConfiguration;
			baseConfigurationReference = 0301880EA0E5D48EAF17AE5D /* Pods-emerge-van-niranjan-emerge-van-niranjanUITests.debug.xcconfig */;
			buildSettings = {
				ALWAYS_EMBED_SWIFT_STANDARD_LIBRARIES = YES;
				CODE_SIGN_STYLE = Automatic;
				INFOPLIST_FILE = "emerge-van-niranjanUITests/Info.plist";
				LD_RUNPATH_SEARCH_PATHS = (
					"$(inherited)",
					"@executable_path/Frameworks",
					"@loader_path/Frameworks",
				);
				PRODUCT_BUNDLE_IDENTIFIER = "NiranjanVaswani.emerge-van-niranjanUITests";
				PRODUCT_NAME = "$(TARGET_NAME)";
				SWIFT_VERSION = 5.0;
				TARGETED_DEVICE_FAMILY = "1,2";
				TEST_TARGET_NAME = "emerge-van-niranjan";
			};
			name = Debug;
		};
		E2A2A9D224A1DB2800622BB8 /* Release */ = {
			isa = XCBuildConfiguration;
			baseConfigurationReference = B678C35587BBAC1B28E22D63 /* Pods-emerge-van-niranjan-emerge-van-niranjanUITests.release.xcconfig */;
			buildSettings = {
				ALWAYS_EMBED_SWIFT_STANDARD_LIBRARIES = YES;
				CODE_SIGN_STYLE = Automatic;
				INFOPLIST_FILE = "emerge-van-niranjanUITests/Info.plist";
				LD_RUNPATH_SEARCH_PATHS = (
					"$(inherited)",
					"@executable_path/Frameworks",
					"@loader_path/Frameworks",
				);
				PRODUCT_BUNDLE_IDENTIFIER = "NiranjanVaswani.emerge-van-niranjanUITests";
				PRODUCT_NAME = "$(TARGET_NAME)";
				SWIFT_VERSION = 5.0;
				TARGETED_DEVICE_FAMILY = "1,2";
				TEST_TARGET_NAME = "emerge-van-niranjan";
			};
			name = Release;
		};
/* End XCBuildConfiguration section */

/* Begin XCConfigurationList section */
		E2A2A99B24A1DB1600622BB8 /* Build configuration list for PBXProject "emerge-van-niranjan" */ = {
			isa = XCConfigurationList;
			buildConfigurations = (
				E2A2A9C824A1DB2800622BB8 /* Debug */,
				E2A2A9C924A1DB2800622BB8 /* Release */,
			);
			defaultConfigurationIsVisible = 0;
			defaultConfigurationName = Release;
		};
		E2A2A9CA24A1DB2800622BB8 /* Build configuration list for PBXNativeTarget "emerge-van-niranjan" */ = {
			isa = XCConfigurationList;
			buildConfigurations = (
				E2A2A9CB24A1DB2800622BB8 /* Debug */,
				E2A2A9CC24A1DB2800622BB8 /* Release */,
			);
			defaultConfigurationIsVisible = 0;
			defaultConfigurationName = Release;
		};
		E2A2A9CD24A1DB2800622BB8 /* Build configuration list for PBXNativeTarget "emerge-van-niranjanTests" */ = {
			isa = XCConfigurationList;
			buildConfigurations = (
				E2A2A9CE24A1DB2800622BB8 /* Debug */,
				E2A2A9CF24A1DB2800622BB8 /* Release */,
			);
			defaultConfigurationIsVisible = 0;
			defaultConfigurationName = Release;
		};
		E2A2A9D024A1DB2800622BB8 /* Build configuration list for PBXNativeTarget "emerge-van-niranjanUITests" */ = {
			isa = XCConfigurationList;
			buildConfigurations = (
				E2A2A9D124A1DB2800622BB8 /* Debug */,
				E2A2A9D224A1DB2800622BB8 /* Release */,
			);
			defaultConfigurationIsVisible = 0;
			defaultConfigurationName = Release;
		};
/* End XCConfigurationList section */
	};
	rootObject = E2A2A99824A1DB1600622BB8 /* Project object */;
}
